{
  "name": "mineflow",
  "version": "1.0.0",
  "lockfileVersion": 3,
  "requires": true,
  "packages": {
    "": {
      "name": "mineflow",
      "version": "1.0.0",
      "license": "ISC",
      "devDependencies": {
        "tailwindcss": "^4.1.12",
        "tw-animate-css": "^1.3.7"
      }
    },
    "node_modules/tailwindcss": {
      "version": "4.1.12",
      "resolved": "https://registry.npmjs.org/tailwindcss/-/tailwindcss-4.1.12.tgz",
      "integrity": "sha512-DzFtxOi+7NsFf7DBtI3BJsynR+0Yp6etH+nRPTbpWnS2pZBaSksv/JGctNwSWzbFjp0vxSqknaUylseZqMDGrA==",
      "dev": true,
      "license": "MIT"
    },
    "node_modules/tw-animate-css": {
      "version": "1.3.7",
      "resolved": "https://registry.npmjs.org/tw-animate-css/-/tw-animate-css-1.3.7.tgz",
      "integrity": "sha512-lvLb3hTIpB5oGsk8JmLoAjeCHV58nKa2zHYn8yWOoG5JJusH3bhJlF2DLAZ/5NmJ+jyH3ssiAx/2KmbhavJy/A==",
      "dev": true,
      "license": "MIT",
      "funding": {
        "url": "https://github.com/sponsors/Wombosvideo"
      }
    }
  }
}
